
Microsoft Visual Studio Solution File, Format Version 12.00
# Visual Studio 15
VisualStudioVersion = 15.0.26730.16
MinimumVisualStudioVersion = 10.0.40219.1
Project("{FAE04EC0-301F-11D3-BF4B-00C04F79EFBC}") = "ifModule2", "ifModule2\ifModule2.csproj", "{7CD61996-B819-48A4-9A71-8697BC45B231}"
EndProject
Global
	GlobalSection(SolutionConfigurationPlatforms) = preSolution
		Debug|Any CPU = Debug|Any CPU
		Release|Any CPU = Release|Any CPU
	EndGlobalSection
	GlobalSection(ProjectConfigurationPlatforms) = postSolution
		{7CD61996-B819-48A4-9A71-8697BC45B231}.Debug|Any CPU.ActiveCfg = Debug|Any CPU
		{7CD61996-B819-48A4-9A71-8697BC45B231}.Debug|Any CPU.Build.0 = Debug|Any CPU
		{7CD61996-B819-48A4-9A71-8697BC45B231}.Release|Any CPU.ActiveCfg = Release|Any CPU
		{7CD61996-B819-48A4-9A71-8697BC45B231}.Release|Any CPU.Build.0 = Release|Any CPU
	EndGlobalSection
	GlobalSection(SolutionProperties) = preSolution
		HideSolutionNode = FALSE
	EndGlobalSection
	GlobalSection(ExtensibilityGlobals) = postSolution
		SolutionGuid = {3A9B1F7A-E105-43A1-BCBB-CD46E5B5B464}
	EndGlobalSection
EndGlobal
